
Microsoft Visual Studio Solution File, Format Version 12.00
# Visual Studio 15
VisualStudioVersion = 15.0.26124.0
MinimumVisualStudioVersion = 15.0.26124.0
Project("{FAE04EC0-301F-11D3-BF4B-00C04F79EFBC}") = "Optima.Interfaces", "Optima.Interfaces\Optima.Interfaces.csproj", "{D90B1373-0A52-4A1E-BE11-640490E76AAC}"
EndProject
Project("{FAE04EC0-301F-11D3-BF4B-00C04F79EFBC}") = "Optima.Actors", "Optima.Actors\Optima.Actors.csproj", "{D906A8E4-5C89-4BDE-909C-4F7B4BBAAA64}"
EndProject
Project("{FAE04EC0-301F-11D3-BF4B-00C04F79EFBC}") = "Optima.ActorsClient", "Optima.ActorsClient\Optima.ActorsClient.csproj", "{2C444E79-4941-4CDF-945E-204D7EF3F77F}"
EndProject
Project("{FAE04EC0-301F-11D3-BF4B-00C04F79EFBC}") = "Optima.DatasetLoader", "Optima.DatasetLoader\Optima.DatasetLoader.csproj", "{EF4651FF-D6E2-45AF-893B-07E133B37C77}"
EndProject
Project("{FAE04EC0-301F-11D3-BF4B-00C04F79EFBC}") = "Optima.TmpRunner", "Optima.TmpRunner\Optima.TmpRunner.csproj", "{908CDA1D-0392-4A62-A6E3-00BDC21D5F25}"
EndProject
Project("{FAE04EC0-301F-11D3-BF4B-00C04F79EFBC}") = "Optima.Security", "Optima.Security\Optima.Security.csproj", "{56D30A4D-81ED-4462-A945-0F6320A4DC6F}"
EndProject
Project("{F2A71F9B-5D33-465A-A702-920D77279786}") = "Optima.ColumnInferrer", "Optima.ColumnInferrer\Optima.ColumnInferrer.fsproj", "{0F31CE4A-6104-4773-BF28-9BDCC4D509AF}"
EndProject
Project("{FAE04EC0-301F-11D3-BF4B-00C04F79EFBC}") = "Optima.ProtoGenerator", "Optima.ProtoGenerator\Optima.ProtoGenerator.csproj", "{8D4A751B-08BE-41AA-A7C3-BB65E34F6778}"
EndProject
Project("{2150E333-8FDC-42A3-9474-1A3956D46DE8}") = "Dapr", "Dapr", "{87DDDEFD-F6B9-400E-BC90-EA4486BB35F9}"
EndProject
Project("{2150E333-8FDC-42A3-9474-1A3956D46DE8}") = "src", "src", "{55C43ACD-5AB4-4861-B884-D3DD44FF797D}"
EndProject
Project("{FAE04EC0-301F-11D3-BF4B-00C04F79EFBC}") = "Dapr.Actors", "Dapr\src\Dapr.Actors\Dapr.Actors.csproj", "{576C64AB-B7B1-4B5D-999D-5E4F2152886C}"
EndProject
Project("{FAE04EC0-301F-11D3-BF4B-00C04F79EFBC}") = "Dapr.Client", "Dapr\src\Dapr.Client\Dapr.Client.csproj", "{7554D199-A8BF-499D-8162-DBDA20373390}"
EndProject
Project("{FAE04EC0-301F-11D3-BF4B-00C04F79EFBC}") = "Dapr.AspNetCore", "Dapr\src\Dapr.AspNetCore\Dapr.AspNetCore.csproj", "{4338AC90-5AEC-4CD4-9201-61B14342A96D}"
EndProject
Project("{FAE04EC0-301F-11D3-BF4B-00C04F79EFBC}") = "Dapr.Actors.AspNetCore", "Dapr\src\Dapr.Actors.AspNetCore\Dapr.Actors.AspNetCore.csproj", "{DC304276-5D7A-4DE9-A81E-DFACE6420B4C}"
EndProject
Global
	GlobalSection(SolutionConfigurationPlatforms) = preSolution
		Debug|Any CPU = Debug|Any CPU
		Debug|x64 = Debug|x64
		Debug|x86 = Debug|x86
		Release|Any CPU = Release|Any CPU
		Release|x64 = Release|x64
		Release|x86 = Release|x86
	EndGlobalSection
	GlobalSection(SolutionProperties) = preSolution
		HideSolutionNode = FALSE
	EndGlobalSection
	GlobalSection(ProjectConfigurationPlatforms) = postSolution
		{D90B1373-0A52-4A1E-BE11-640490E76AAC}.Debug|Any CPU.ActiveCfg = Debug|Any CPU
		{D90B1373-0A52-4A1E-BE11-640490E76AAC}.Debug|Any CPU.Build.0 = Debug|Any CPU
		{D90B1373-0A52-4A1E-BE11-640490E76AAC}.Debug|x64.ActiveCfg = Debug|Any CPU
		{D90B1373-0A52-4A1E-BE11-640490E76AAC}.Debug|x64.Build.0 = Debug|Any CPU
		{D90B1373-0A52-4A1E-BE11-640490E76AAC}.Debug|x86.ActiveCfg = Debug|Any CPU
		{D90B1373-0A52-4A1E-BE11-640490E76AAC}.Debug|x86.Build.0 = Debug|Any CPU
		{D90B1373-0A52-4A1E-BE11-640490E76AAC}.Release|Any CPU.ActiveCfg = Release|Any CPU
		{D90B1373-0A52-4A1E-BE11-640490E76AAC}.Release|Any CPU.Build.0 = Release|Any CPU
		{D90B1373-0A52-4A1E-BE11-640490E76AAC}.Release|x64.ActiveCfg = Release|Any CPU
		{D90B1373-0A52-4A1E-BE11-640490E76AAC}.Release|x64.Build.0 = Release|Any CPU
		{D90B1373-0A52-4A1E-BE11-640490E76AAC}.Release|x86.ActiveCfg = Release|Any CPU
		{D90B1373-0A52-4A1E-BE11-640490E76AAC}.Release|x86.Build.0 = Release|Any CPU
		{D906A8E4-5C89-4BDE-909C-4F7B4BBAAA64}.Debug|Any CPU.ActiveCfg = Debug|Any CPU
		{D906A8E4-5C89-4BDE-909C-4F7B4BBAAA64}.Debug|Any CPU.Build.0 = Debug|Any CPU
		{D906A8E4-5C89-4BDE-909C-4F7B4BBAAA64}.Debug|x64.ActiveCfg = Debug|Any CPU
		{D906A8E4-5C89-4BDE-909C-4F7B4BBAAA64}.Debug|x64.Build.0 = Debug|Any CPU
		{D906A8E4-5C89-4BDE-909C-4F7B4BBAAA64}.Debug|x86.ActiveCfg = Debug|Any CPU
		{D906A8E4-5C89-4BDE-909C-4F7B4BBAAA64}.Debug|x86.Build.0 = Debug|Any CPU
		{D906A8E4-5C89-4BDE-909C-4F7B4BBAAA64}.Release|Any CPU.ActiveCfg = Release|Any CPU
		{D906A8E4-5C89-4BDE-909C-4F7B4BBAAA64}.Release|Any CPU.Build.0 = Release|Any CPU
		{D906A8E4-5C89-4BDE-909C-4F7B4BBAAA64}.Release|x64.ActiveCfg = Release|Any CPU
		{D906A8E4-5C89-4BDE-909C-4F7B4BBAAA64}.Release|x64.Build.0 = Release|Any CPU
		{D906A8E4-5C89-4BDE-909C-4F7B4BBAAA64}.Release|x86.ActiveCfg = Release|Any CPU
		{D906A8E4-5C89-4BDE-909C-4F7B4BBAAA64}.Release|x86.Build.0 = Release|Any CPU
		{2C444E79-4941-4CDF-945E-204D7EF3F77F}.Debug|Any CPU.ActiveCfg = Debug|Any CPU
		{2C444E79-4941-4CDF-945E-204D7EF3F77F}.Debug|Any CPU.Build.0 = Debug|Any CPU
		{2C444E79-4941-4CDF-945E-204D7EF3F77F}.Debug|x64.ActiveCfg = Debug|Any CPU
		{2C444E79-4941-4CDF-945E-204D7EF3F77F}.Debug|x64.Build.0 = Debug|Any CPU
		{2C444E79-4941-4CDF-945E-204D7EF3F77F}.Debug|x86.ActiveCfg = Debug|Any CPU
		{2C444E79-4941-4CDF-945E-204D7EF3F77F}.Debug|x86.Build.0 = Debug|Any CPU
		{2C444E79-4941-4CDF-945E-204D7EF3F77F}.Release|Any CPU.ActiveCfg = Release|Any CPU
		{2C444E79-4941-4CDF-945E-204D7EF3F77F}.Release|Any CPU.Build.0 = Release|Any CPU
		{2C444E79-4941-4CDF-945E-204D7EF3F77F}.Release|x64.ActiveCfg = Release|Any CPU
		{2C444E79-4941-4CDF-945E-204D7EF3F77F}.Release|x64.Build.0 = Release|Any CPU
		{2C444E79-4941-4CDF-945E-204D7EF3F77F}.Release|x86.ActiveCfg = Release|Any CPU
		{2C444E79-4941-4CDF-945E-204D7EF3F77F}.Release|x86.Build.0 = Release|Any CPU
		{EF4651FF-D6E2-45AF-893B-07E133B37C77}.Debug|Any CPU.ActiveCfg = Debug|Any CPU
		{EF4651FF-D6E2-45AF-893B-07E133B37C77}.Debug|Any CPU.Build.0 = Debug|Any CPU
		{EF4651FF-D6E2-45AF-893B-07E133B37C77}.Debug|x64.ActiveCfg = Debug|Any CPU
		{EF4651FF-D6E2-45AF-893B-07E133B37C77}.Debug|x64.Build.0 = Debug|Any CPU
		{EF4651FF-D6E2-45AF-893B-07E133B37C77}.Debug|x86.ActiveCfg = Debug|Any CPU
		{EF4651FF-D6E2-45AF-893B-07E133B37C77}.Debug|x86.Build.0 = Debug|Any CPU
		{EF4651FF-D6E2-45AF-893B-07E133B37C77}.Release|Any CPU.ActiveCfg = Release|Any CPU
		{EF4651FF-D6E2-45AF-893B-07E133B37C77}.Release|Any CPU.Build.0 = Release|Any CPU
		{EF4651FF-D6E2-45AF-893B-07E133B37C77}.Release|x64.ActiveCfg = Release|Any CPU
		{EF4651FF-D6E2-45AF-893B-07E133B37C77}.Release|x64.Build.0 = Release|Any CPU
		{EF4651FF-D6E2-45AF-893B-07E133B37C77}.Release|x86.ActiveCfg = Release|Any CPU
		{EF4651FF-D6E2-45AF-893B-07E133B37C77}.Release|x86.Build.0 = Release|Any CPU
		{908CDA1D-0392-4A62-A6E3-00BDC21D5F25}.Debug|Any CPU.ActiveCfg = Debug|Any CPU
		{908CDA1D-0392-4A62-A6E3-00BDC21D5F25}.Debug|Any CPU.Build.0 = Debug|Any CPU
		{908CDA1D-0392-4A62-A6E3-00BDC21D5F25}.Debug|x64.ActiveCfg = Debug|Any CPU
		{908CDA1D-0392-4A62-A6E3-00BDC21D5F25}.Debug|x64.Build.0 = Debug|Any CPU
		{908CDA1D-0392-4A62-A6E3-00BDC21D5F25}.Debug|x86.ActiveCfg = Debug|Any CPU
		{908CDA1D-0392-4A62-A6E3-00BDC21D5F25}.Debug|x86.Build.0 = Debug|Any CPU
		{908CDA1D-0392-4A62-A6E3-00BDC21D5F25}.Release|Any CPU.ActiveCfg = Release|Any CPU
		{908CDA1D-0392-4A62-A6E3-00BDC21D5F25}.Release|Any CPU.Build.0 = Release|Any CPU
		{908CDA1D-0392-4A62-A6E3-00BDC21D5F25}.Release|x64.ActiveCfg = Release|Any CPU
		{908CDA1D-0392-4A62-A6E3-00BDC21D5F25}.Release|x64.Build.0 = Release|Any CPU
		{908CDA1D-0392-4A62-A6E3-00BDC21D5F25}.Release|x86.ActiveCfg = Release|Any CPU
		{908CDA1D-0392-4A62-A6E3-00BDC21D5F25}.Release|x86.Build.0 = Release|Any CPU
		{56D30A4D-81ED-4462-A945-0F6320A4DC6F}.Debug|Any CPU.ActiveCfg = Debug|Any CPU
		{56D30A4D-81ED-4462-A945-0F6320A4DC6F}.Debug|Any CPU.Build.0 = Debug|Any CPU
		{56D30A4D-81ED-4462-A945-0F6320A4DC6F}.Debug|x64.ActiveCfg = Debug|Any CPU
		{56D30A4D-81ED-4462-A945-0F6320A4DC6F}.Debug|x64.Build.0 = Debug|Any CPU
		{56D30A4D-81ED-4462-A945-0F6320A4DC6F}.Debug|x86.ActiveCfg = Debug|Any CPU
		{56D30A4D-81ED-4462-A945-0F6320A4DC6F}.Debug|x86.Build.0 = Debug|Any CPU
		{56D30A4D-81ED-4462-A945-0F6320A4DC6F}.Release|Any CPU.ActiveCfg = Release|Any CPU
		{56D30A4D-81ED-4462-A945-0F6320A4DC6F}.Release|Any CPU.Build.0 = Release|Any CPU
		{56D30A4D-81ED-4462-A945-0F6320A4DC6F}.Release|x64.ActiveCfg = Release|Any CPU
		{56D30A4D-81ED-4462-A945-0F6320A4DC6F}.Release|x64.Build.0 = Release|Any CPU
		{56D30A4D-81ED-4462-A945-0F6320A4DC6F}.Release|x86.ActiveCfg = Release|Any CPU
		{56D30A4D-81ED-4462-A945-0F6320A4DC6F}.Release|x86.Build.0 = Release|Any CPU
		{0F31CE4A-6104-4773-BF28-9BDCC4D509AF}.Debug|Any CPU.ActiveCfg = Debug|Any CPU
		{0F31CE4A-6104-4773-BF28-9BDCC4D509AF}.Debug|Any CPU.Build.0 = Debug|Any CPU
		{0F31CE4A-6104-4773-BF28-9BDCC4D509AF}.Debug|x64.ActiveCfg = Debug|Any CPU
		{0F31CE4A-6104-4773-BF28-9BDCC4D509AF}.Debug|x64.Build.0 = Debug|Any CPU
		{0F31CE4A-6104-4773-BF28-9BDCC4D509AF}.Debug|x86.ActiveCfg = Debug|Any CPU
		{0F31CE4A-6104-4773-BF28-9BDCC4D509AF}.Debug|x86.Build.0 = Debug|Any CPU
		{0F31CE4A-6104-4773-BF28-9BDCC4D509AF}.Release|Any CPU.ActiveCfg = Release|Any CPU
		{0F31CE4A-6104-4773-BF28-9BDCC4D509AF}.Release|Any CPU.Build.0 = Release|Any CPU
		{0F31CE4A-6104-4773-BF28-9BDCC4D509AF}.Release|x64.ActiveCfg = Release|Any CPU
		{0F31CE4A-6104-4773-BF28-9BDCC4D509AF}.Release|x64.Build.0 = Release|Any CPU
		{0F31CE4A-6104-4773-BF28-9BDCC4D509AF}.Release|x86.ActiveCfg = Release|Any CPU
		{0F31CE4A-6104-4773-BF28-9BDCC4D509AF}.Release|x86.Build.0 = Release|Any CPU
		{8D4A751B-08BE-41AA-A7C3-BB65E34F6778}.Debug|Any CPU.ActiveCfg = Debug|Any CPU
		{8D4A751B-08BE-41AA-A7C3-BB65E34F6778}.Debug|Any CPU.Build.0 = Debug|Any CPU
		{8D4A751B-08BE-41AA-A7C3-BB65E34F6778}.Debug|x64.ActiveCfg = Debug|Any CPU
		{8D4A751B-08BE-41AA-A7C3-BB65E34F6778}.Debug|x64.Build.0 = Debug|Any CPU
		{8D4A751B-08BE-41AA-A7C3-BB65E34F6778}.Debug|x86.ActiveCfg = Debug|Any CPU
		{8D4A751B-08BE-41AA-A7C3-BB65E34F6778}.Debug|x86.Build.0 = Debug|Any CPU
		{8D4A751B-08BE-41AA-A7C3-BB65E34F6778}.Release|Any CPU.ActiveCfg = Release|Any CPU
		{8D4A751B-08BE-41AA-A7C3-BB65E34F6778}.Release|Any CPU.Build.0 = Release|Any CPU
		{8D4A751B-08BE-41AA-A7C3-BB65E34F6778}.Release|x64.ActiveCfg = Release|Any CPU
		{8D4A751B-08BE-41AA-A7C3-BB65E34F6778}.Release|x64.Build.0 = Release|Any CPU
		{8D4A751B-08BE-41AA-A7C3-BB65E34F6778}.Release|x86.ActiveCfg = Release|Any CPU
		{8D4A751B-08BE-41AA-A7C3-BB65E34F6778}.Release|x86.Build.0 = Release|Any CPU
		{576C64AB-B7B1-4B5D-999D-5E4F2152886C}.Debug|Any CPU.ActiveCfg = Debug|Any CPU
		{576C64AB-B7B1-4B5D-999D-5E4F2152886C}.Debug|Any CPU.Build.0 = Debug|Any CPU
		{576C64AB-B7B1-4B5D-999D-5E4F2152886C}.Debug|x64.ActiveCfg = Debug|Any CPU
		{576C64AB-B7B1-4B5D-999D-5E4F2152886C}.Debug|x64.Build.0 = Debug|Any CPU
		{576C64AB-B7B1-4B5D-999D-5E4F2152886C}.Debug|x86.ActiveCfg = Debug|Any CPU
		{576C64AB-B7B1-4B5D-999D-5E4F2152886C}.Debug|x86.Build.0 = Debug|Any CPU
		{576C64AB-B7B1-4B5D-999D-5E4F2152886C}.Release|Any CPU.ActiveCfg = Release|Any CPU
		{576C64AB-B7B1-4B5D-999D-5E4F2152886C}.Release|Any CPU.Build.0 = Release|Any CPU
		{576C64AB-B7B1-4B5D-999D-5E4F2152886C}.Release|x64.ActiveCfg = Release|Any CPU
		{576C64AB-B7B1-4B5D-999D-5E4F2152886C}.Release|x64.Build.0 = Release|Any CPU
		{576C64AB-B7B1-4B5D-999D-5E4F2152886C}.Release|x86.ActiveCfg = Release|Any CPU
		{576C64AB-B7B1-4B5D-999D-5E4F2152886C}.Release|x86.Build.0 = Release|Any CPU
		{7554D199-A8BF-499D-8162-DBDA20373390}.Debug|Any CPU.ActiveCfg = Debug|Any CPU
		{7554D199-A8BF-499D-8162-DBDA20373390}.Debug|Any CPU.Build.0 = Debug|Any CPU
		{7554D199-A8BF-499D-8162-DBDA20373390}.Debug|x64.ActiveCfg = Debug|Any CPU
		{7554D199-A8BF-499D-8162-DBDA20373390}.Debug|x64.Build.0 = Debug|Any CPU
		{7554D199-A8BF-499D-8162-DBDA20373390}.Debug|x86.ActiveCfg = Debug|Any CPU
		{7554D199-A8BF-499D-8162-DBDA20373390}.Debug|x86.Build.0 = Debug|Any CPU
		{7554D199-A8BF-499D-8162-DBDA20373390}.Release|Any CPU.ActiveCfg = Release|Any CPU
		{7554D199-A8BF-499D-8162-DBDA20373390}.Release|Any CPU.Build.0 = Release|Any CPU
		{7554D199-A8BF-499D-8162-DBDA20373390}.Release|x64.ActiveCfg = Release|Any CPU
		{7554D199-A8BF-499D-8162-DBDA20373390}.Release|x64.Build.0 = Release|Any CPU
		{7554D199-A8BF-499D-8162-DBDA20373390}.Release|x86.ActiveCfg = Release|Any CPU
		{7554D199-A8BF-499D-8162-DBDA20373390}.Release|x86.Build.0 = Release|Any CPU
		{4338AC90-5AEC-4CD4-9201-61B14342A96D}.Debug|Any CPU.ActiveCfg = Debug|Any CPU
		{4338AC90-5AEC-4CD4-9201-61B14342A96D}.Debug|Any CPU.Build.0 = Debug|Any CPU
		{4338AC90-5AEC-4CD4-9201-61B14342A96D}.Debug|x64.ActiveCfg = Debug|Any CPU
		{4338AC90-5AEC-4CD4-9201-61B14342A96D}.Debug|x64.Build.0 = Debug|Any CPU
		{4338AC90-5AEC-4CD4-9201-61B14342A96D}.Debug|x86.ActiveCfg = Debug|Any CPU
		{4338AC90-5AEC-4CD4-9201-61B14342A96D}.Debug|x86.Build.0 = Debug|Any CPU
		{4338AC90-5AEC-4CD4-9201-61B14342A96D}.Release|Any CPU.ActiveCfg = Release|Any CPU
		{4338AC90-5AEC-4CD4-9201-61B14342A96D}.Release|Any CPU.Build.0 = Release|Any CPU
		{4338AC90-5AEC-4CD4-9201-61B14342A96D}.Release|x64.ActiveCfg = Release|Any CPU
		{4338AC90-5AEC-4CD4-9201-61B14342A96D}.Release|x64.Build.0 = Release|Any CPU
		{4338AC90-5AEC-4CD4-9201-61B14342A96D}.Release|x86.ActiveCfg = Release|Any CPU
		{4338AC90-5AEC-4CD4-9201-61B14342A96D}.Release|x86.Build.0 = Release|Any CPU
		{DC304276-5D7A-4DE9-A81E-DFACE6420B4C}.Debug|Any CPU.ActiveCfg = Debug|Any CPU
		{DC304276-5D7A-4DE9-A81E-DFACE6420B4C}.Debug|Any CPU.Build.0 = Debug|Any CPU
		{DC304276-5D7A-4DE9-A81E-DFACE6420B4C}.Debug|x64.ActiveCfg = Debug|Any CPU
		{DC304276-5D7A-4DE9-A81E-DFACE6420B4C}.Debug|x64.Build.0 = Debug|Any CPU
		{DC304276-5D7A-4DE9-A81E-DFACE6420B4C}.Debug|x86.ActiveCfg = Debug|Any CPU
		{DC304276-5D7A-4DE9-A81E-DFACE6420B4C}.Debug|x86.Build.0 = Debug|Any CPU
		{DC304276-5D7A-4DE9-A81E-DFACE6420B4C}.Release|Any CPU.ActiveCfg = Release|Any CPU
		{DC304276-5D7A-4DE9-A81E-DFACE6420B4C}.Release|Any CPU.Build.0 = Release|Any CPU
		{DC304276-5D7A-4DE9-A81E-DFACE6420B4C}.Release|x64.ActiveCfg = Release|Any CPU
		{DC304276-5D7A-4DE9-A81E-DFACE6420B4C}.Release|x64.Build.0 = Release|Any CPU
		{DC304276-5D7A-4DE9-A81E-DFACE6420B4C}.Release|x86.ActiveCfg = Release|Any CPU
		{DC304276-5D7A-4DE9-A81E-DFACE6420B4C}.Release|x86.Build.0 = Release|Any CPU
	EndGlobalSection
	GlobalSection(NestedProjects) = preSolution
		{55C43ACD-5AB4-4861-B884-D3DD44FF797D} = {87DDDEFD-F6B9-400E-BC90-EA4486BB35F9}
		{576C64AB-B7B1-4B5D-999D-5E4F2152886C} = {55C43ACD-5AB4-4861-B884-D3DD44FF797D}
		{7554D199-A8BF-499D-8162-DBDA20373390} = {55C43ACD-5AB4-4861-B884-D3DD44FF797D}
		{4338AC90-5AEC-4CD4-9201-61B14342A96D} = {55C43ACD-5AB4-4861-B884-D3DD44FF797D}
		{DC304276-5D7A-4DE9-A81E-DFACE6420B4C} = {55C43ACD-5AB4-4861-B884-D3DD44FF797D}
	EndGlobalSection
EndGlobal
